Microsoft Visual Studio Solution File, Format Version 11.00
# Visual Studio 2008

Project("{3EF47774-7481-9AF8-54C1-E1CACCA4A059}") = "hopalong-orbit-visualizer", "Assembly-CSharp.csproj", "{4AD776FA-A4D1-3CA4-9FF6-403CB0146F84}"
EndProject
Project("{3EF47774-7481-9AF8-54C1-E1CACCA4A059}") = "hopalong-orbit-visualizer", "Assembly-CSharp-Editor.csproj", "{C28E2ED0-17D0-63F2-21FF-3DEC22A3AD71}"
EndProject
Project("{3EF47774-7481-9AF8-54C1-E1CACCA4A059}") = "hopalong-orbit-visualizer", "Assembly-UnityScript.unityproj", "{95932C3D-CDF0-A352-D2A9-2B9A49EC712D}"
EndProject
Global
	GlobalSection(SolutionConfigurationPlatforms) = preSolution
		Debug|Any CPU = Debug|Any CPU
		Release|Any CPU = Release|Any CPU
	EndGlobalSection
	GlobalSection(ProjectConfigurationPlatforms) = postSolution
		{4AD776FA-A4D1-3CA4-9FF6-403CB0146F84}.Debug|Any CPU.ActiveCfg = Debug|Any CPU
		{4AD776FA-A4D1-3CA4-9FF6-403CB0146F84}.Debug|Any CPU.Build.0 = Debug|Any CPU
		{4AD776FA-A4D1-3CA4-9FF6-403CB0146F84}.Release|Any CPU.ActiveCfg = Release|Any CPU
		{4AD776FA-A4D1-3CA4-9FF6-403CB0146F84}.Release|Any CPU.Build.0 = Release|Any CPU
		{C28E2ED0-17D0-63F2-21FF-3DEC22A3AD71}.Debug|Any CPU.ActiveCfg = Debug|Any CPU
		{C28E2ED0-17D0-63F2-21FF-3DEC22A3AD71}.Debug|Any CPU.Build.0 = Debug|Any CPU
		{C28E2ED0-17D0-63F2-21FF-3DEC22A3AD71}.Release|Any CPU.ActiveCfg = Release|Any CPU
		{C28E2ED0-17D0-63F2-21FF-3DEC22A3AD71}.Release|Any CPU.Build.0 = Release|Any CPU
		{95932C3D-CDF0-A352-D2A9-2B9A49EC712D}.Debug|Any CPU.ActiveCfg = Debug|Any CPU
		{95932C3D-CDF0-A352-D2A9-2B9A49EC712D}.Debug|Any CPU.Build.0 = Debug|Any CPU
		{95932C3D-CDF0-A352-D2A9-2B9A49EC712D}.Release|Any CPU.ActiveCfg = Release|Any CPU
		{95932C3D-CDF0-A352-D2A9-2B9A49EC712D}.Release|Any CPU.Build.0 = Release|Any CPU
	EndGlobalSection
	GlobalSection(SolutionProperties) = preSolution
		HideSolutionNode = FALSE
	EndGlobalSection
																									GlobalSection(MonoDevelopProperties) = preSolution
		StartupItem = Assembly-CSharp.csproj
		Policies = $0
		$0.TextStylePolicy = $1
		$1.inheritsSet = null
		$1.scope = text/x-csharp
		$0.CSharpFormattingPolicy = $2
		$2.inheritsSet = Mono
		$2.inheritsScope = text/x-csharp
		$2.scope = text/x-csharp
		$0.TextStylePolicy = $3
		$3.FileWidth = 120
		$3.TabWidth = 4
		$3.IndentWidth = 4
		$3.EolMarker = Unix
		$3.inheritsSet = Mono
		$3.inheritsScope = text/plain
		$3.scope = text/plain
	EndGlobalSection

EndGlobal
